// !$*UTF8*$!
{
	archiveVersion = 1;
	classes = {
	};
	objectVersion = 56;
	objects = {

/* Begin PBXBuildFile section */
		A19D912B29704F3F00B0B8CA /* AppDelegate.swift in Sources */ = {isa = PBXBuildFile; fileRef = A19D912A29704F3F00B0B8CA /* AppDelegate.swift */; };
		A19D912D29704F3F00B0B8CA /* SceneDelegate.swift in Sources */ = {isa = PBXBuildFile; fileRef = A19D912C29704F3F00B0B8CA /* SceneDelegate.swift */; };
		A19D913529704F3F00B0B8CA /* Pokemon_Go.xcdatamodeld in Sources */ = {isa = PBXBuildFile; fileRef = A19D913329704F3F00B0B8CA /* Pokemon_Go.xcdatamodeld */; };
		A19D913729704F4000B0B8CA /* Assets.xcassets in Resources */ = {isa = PBXBuildFile; fileRef = A19D913629704F4000B0B8CA /* Assets.xcassets */; };
		A19D913A29704F4000B0B8CA /* LaunchScreen.storyboard in Resources */ = {isa = PBXBuildFile; fileRef = A19D913829704F4000B0B8CA /* LaunchScreen.storyboard */; };
		A19D914629704FB300B0B8CA /* Main.storyboard in Resources */ = {isa = PBXBuildFile; fileRef = A19D914329704FB300B0B8CA /* Main.storyboard */; };
		A19D914729704FB300B0B8CA /* ModelLocalizacao.swift in Sources */ = {isa = PBXBuildFile; fileRef = A19D914429704FB300B0B8CA /* ModelLocalizacao.swift */; };
		A19D914829704FB300B0B8CA /* MapaViewController.swift in Sources */ = {isa = PBXBuildFile; fileRef = A19D914529704FB300B0B8CA /* MapaViewController.swift */; };
		A19D914A2970504100B0B8CA /* LocationViewModel.swift in Sources */ = {isa = PBXBuildFile; fileRef = A19D91492970504100B0B8CA /* LocationViewModel.swift */; };
		A19D914C2970506300B0B8CA /* PokemonCoreData.swift in Sources */ = {isa = PBXBuildFile; fileRef = A19D914B2970506300B0B8CA /* PokemonCoreData.swift */; };
		A19D91502970654800B0B8CA /* ModelPokemonLocation.swift in Sources */ = {isa = PBXBuildFile; fileRef = A19D914F2970654800B0B8CA /* ModelPokemonLocation.swift */; };
		A19D91522970687400B0B8CA /* PokedexViewController.swift in Sources */ = {isa = PBXBuildFile; fileRef = A19D91512970687400B0B8CA /* PokedexViewController.swift */; };
		A19D915729706A7600B0B8CA /* PokedexViewModel.swift in Sources */ = {isa = PBXBuildFile; fileRef = A19D915629706A7600B0B8CA /* PokedexViewModel.swift */; };
		A19D91592970717100B0B8CA /* PokemonsTableViewCell.swift in Sources */ = {isa = PBXBuildFile; fileRef = A19D91582970717100B0B8CA /* PokemonsTableViewCell.swift */; };
/* End PBXBuildFile section */

/* Begin PBXFileReference section */
		A19D912729704F3F00B0B8CA /* Pokemon Go.app */ = {isa = PBXFileReference; explicitFileType = wrapper.application; includeInIndex = 0; path = "Pokemon Go.app"; sourceTree = BUILT_PRODUCTS_DIR; };
		A19D912A29704F3F00B0B8CA /* AppDelegate.swift */ = {isa = PBXFileReference; lastKnownFileType = sourcecode.swift; path = AppDelegate.swift; sourceTree = "<group>"; };
		A19D912C29704F3F00B0B8CA /* SceneDelegate.swift */ = {isa = PBXFileReference; lastKnownFileType = sourcecode.swift; path = SceneDelegate.swift; sourceTree = "<group>"; };
		A19D913429704F3F00B0B8CA /* Pokemon_Go.xcdatamodel */ = {isa = PBXFileReference; lastKnownFileType = wrapper.xcdatamodel; path = Pokemon_Go.xcdatamodel; sourceTree = "<group>"; };
		A19D913629704F4000B0B8CA /* Assets.xcassets */ = {isa = PBXFileReference; lastKnownFileType = folder.assetcatalog; path = Assets.xcassets; sourceTree = "<group>"; };
		A19D913929704F4000B0B8CA /* Base */ = {isa = PBXFileReference; lastKnownFileType = file.storyboard; name = Base; path = Base.lproj/LaunchScreen.storyboard; sourceTree = "<group>"; };
		A19D913B29704F4000B0B8CA /* Info.plist */ = {isa = PBXFileReference; lastKnownFileType = text.plist.xml; path = Info.plist; sourceTree = "<group>"; };
		A19D914329704FB300B0B8CA /* Main.storyboard */ = {isa = PBXFileReference; fileEncoding = 4; lastKnownFileType = file.storyboard; path = Main.storyboard; sourceTree = "<group>"; };
		A19D914429704FB300B0B8CA /* ModelLocalizacao.swift */ = {isa = PBXFileReference; fileEncoding = 4; lastKnownFileType = sourcecode.swift; path = ModelLocalizacao.swift; sourceTree = "<group>"; };
		A19D914529704FB300B0B8CA /* MapaViewController.swift */ = {isa = PBXFileReference; fileEncoding = 4; lastKnownFileType = sourcecode.swift; path = MapaViewController.swift; sourceTree = "<group>"; };
		A19D91492970504100B0B8CA /* LocationViewModel.swift */ = {isa = PBXFileReference; fileEncoding = 4; lastKnownFileType = sourcecode.swift; path = LocationViewModel.swift; sourceTree = "<group>"; };
		A19D914B2970506300B0B8CA /* PokemonCoreData.swift */ = {isa = PBXFileReference; lastKnownFileType = sourcecode.swift; path = PokemonCoreData.swift; sourceTree = "<group>"; };
		A19D914F2970654800B0B8CA /* ModelPokemonLocation.swift */ = {isa = PBXFileReference; lastKnownFileType = sourcecode.swift; path = ModelPokemonLocation.swift; sourceTree = "<group>"; };
		A19D91512970687400B0B8CA /* PokedexViewController.swift */ = {isa = PBXFileReference; lastKnownFileType = sourcecode.swift; path = PokedexViewController.swift; sourceTree = "<group>"; };
		A19D915629706A7600B0B8CA /* PokedexViewModel.swift */ = {isa = PBXFileReference; lastKnownFileType = sourcecode.swift; path = PokedexViewModel.swift; sourceTree = "<group>"; };
		A19D91582970717100B0B8CA /* PokemonsTableViewCell.swift */ = {isa = PBXFileReference; lastKnownFileType = sourcecode.swift; path = PokemonsTableViewCell.swift; sourceTree = "<group>"; };
/* End PBXFileReference section */

/* Begin PBXFrameworksBuildPhase section */
		A19D912429704F3F00B0B8CA /* Frameworks */ = {
			isa = PBXFrameworksBuildPhase;
			buildActionMask = 2147483647;
			files = (
			);
			runOnlyForDeploymentPostprocessing = 0;
		};
/* End PBXFrameworksBuildPhase section */

/* Begin PBXGroup section */
		A19D911E29704F3F00B0B8CA = {
			isa = PBXGroup;
			children = (
				A19D912929704F3F00B0B8CA /* Pokemon Go */,
				A19D912829704F3F00B0B8CA /* Products */,
			);
			sourceTree = "<group>";
		};
		A19D912829704F3F00B0B8CA /* Products */ = {
			isa = PBXGroup;
			children = (
				A19D912729704F3F00B0B8CA /* Pokemon Go.app */,
			);
			name = Products;
			sourceTree = "<group>";
		};
		A19D912929704F3F00B0B8CA /* Pokemon Go */ = {
			isa = PBXGroup;
			children = (
				A19D915529706A2700B0B8CA /* Models */,
				A19D915429706A0E00B0B8CA /* ViewModel */,
				A19D9153297069F600B0B8CA /* ViewController */,
				A19D912A29704F3F00B0B8CA /* AppDelegate.swift */,
				A19D912C29704F3F00B0B8CA /* SceneDelegate.swift */,
				A19D914329704FB300B0B8CA /* Main.storyboard */,
				A19D913629704F4000B0B8CA /* Assets.xcassets */,
				A19D913829704F4000B0B8CA /* LaunchScreen.storyboard */,
				A19D913B29704F4000B0B8CA /* Info.plist */,
				A19D913329704F3F00B0B8CA /* Pokemon_Go.xcdatamodeld */,
				A19D91582970717100B0B8CA /* PokemonsTableViewCell.swift */,
			);
			path = "Pokemon Go";
			sourceTree = "<group>";
		};
		A19D9153297069F600B0B8CA /* ViewController */ = {
			isa = PBXGroup;
			children = (
				A19D91512970687400B0B8CA /* PokedexViewController.swift */,
				A19D914529704FB300B0B8CA /* MapaViewController.swift */,
			);
			path = ViewController;
			sourceTree = "<group>";
		};
		A19D915429706A0E00B0B8CA /* ViewModel */ = {
			isa = PBXGroup;
			children = (
				A19D914B2970506300B0B8CA /* PokemonCoreData.swift */,
				A19D91492970504100B0B8CA /* LocationViewModel.swift */,
				A19D915629706A7600B0B8CA /* PokedexViewModel.swift */,
			);
			path = ViewModel;
			sourceTree = "<group>";
		};
		A19D915529706A2700B0B8CA /* Models */ = {
			isa = PBXGroup;
			children = (
				A19D914F2970654800B0B8CA /* ModelPokemonLocation.swift */,
				A19D914429704FB300B0B8CA /* ModelLocalizacao.swift */,
			);
			path = Models;
			sourceTree = "<group>";
		};
/* End PBXGroup section */

/* Begin PBXNativeTarget section */
		A19D912629704F3F00B0B8CA /* Pokemon Go */ = {
			isa = PBXNativeTarget;
			buildConfigurationList = A19D913E29704F4000B0B8CA /* Build configuration list for PBXNativeTarget "Pokemon Go" */;
			buildPhases = (
				A19D912329704F3F00B0B8CA /* Sources */,
				A19D912429704F3F00B0B8CA /* Frameworks */,
				A19D912529704F3F00B0B8CA /* Resources */,
			);
			buildRules = (
			);
			dependencies = (
			);
			name = "Pokemon Go";
			packageProductDependencies = (
			);
			productName = "Pokemon Go";
			productReference = A19D912729704F3F00B0B8CA /* Pokemon Go.app */;
			productType = "com.apple.product-type.application";
		};
/* End PBXNativeTarget section */

/* Begin PBXProject section */
		A19D911F29704F3F00B0B8CA /* Project object */ = {
			isa = PBXProject;
			attributes = {
				BuildIndependentTargetsInParallel = 1;
				LastSwiftUpdateCheck = 1420;
				LastUpgradeCheck = 1420;
				TargetAttributes = {
					A19D912629704F3F00B0B8CA = {
						CreatedOnToolsVersion = 14.2;
					};
				};
			};
			buildConfigurationList = A19D912229704F3F00B0B8CA /* Build configuration list for PBXProject "Pokemon Go" */;
			compatibilityVersion = "Xcode 14.0";
			developmentRegion = en;
			hasScannedForEncodings = 0;
			knownRegions = (
				en,
				Base,
			);
			mainGroup = A19D911E29704F3F00B0B8CA;
			packageReferences = (
			);
			productRefGroup = A19D912829704F3F00B0B8CA /* Products */;
			projectDirPath = "";
			projectRoot = "";
			targets = (
				A19D912629704F3F00B0B8CA /* Pokemon Go */,
			);
		};
/* End PBXProject section */

/* Begin PBXResourcesBuildPhase section */
		A19D912529704F3F00B0B8CA /* Resources */ = {
			isa = PBXResourcesBuildPhase;
			buildActionMask = 2147483647;
			files = (
				A19D914629704FB300B0B8CA /* Main.storyboard in Resources */,
				A19D913A29704F4000B0B8CA /* LaunchScreen.storyboard in Resources */,
				A19D913729704F4000B0B8CA /* Assets.xcassets in Resources */,
			);
			runOnlyForDeploymentPostprocessing = 0;
		};
/* End PBXResourcesBuildPhase section */

/* Begin PBXSourcesBuildPhase section */
		A19D912329704F3F00B0B8CA /* Sources */ = {
			isa = PBXSourcesBuildPhase;
			buildActionMask = 2147483647;
			files = (
				A19D91502970654800B0B8CA /* ModelPokemonLocation.swift in Sources */,
				A19D914829704FB300B0B8CA /* MapaViewController.swift in Sources */,
				A19D914A2970504100B0B8CA /* LocationViewModel.swift in Sources */,
				A19D915729706A7600B0B8CA /* PokedexViewModel.swift in Sources */,
				A19D914729704FB300B0B8CA /* ModelLocalizacao.swift in Sources */,
				A19D913529704F3F00B0B8CA /* Pokemon_Go.xcdatamodeld in Sources */,
				A19D912B29704F3F00B0B8CA /* AppDelegate.swift in Sources */,
				A19D91592970717100B0B8CA /* PokemonsTableViewCell.swift in Sources */,
				A19D91522970687400B0B8CA /* PokedexViewController.swift in Sources */,
				A19D912D29704F3F00B0B8CA /* SceneDelegate.swift in Sources */,
				A19D914C2970506300B0B8CA /* PokemonCoreData.swift in Sources */,
			);
			runOnlyForDeploymentPostprocessing = 0;
		};
/* End PBXSourcesBuildPhase section */

/* Begin PBXVariantGroup section */
		A19D913829704F4000B0B8CA /* LaunchScreen.storyboard */ = {
			isa = PBXVariantGroup;
			children = (
				A19D913929704F4000B0B8CA /* Base */,
			);
			name = LaunchScreen.storyboard;
			sourceTree = "<group>";
		};
/* End PBXVariantGroup section */

/* Begin XCBuildConfiguration section */
		A19D913C29704F4000B0B8CA /* Debug */ = {
			isa = XCBuildConfiguration;
			buildSettings = {
				ALWAYS_SEARCH_USER_PATHS = NO;
				CLANG_ANALYZER_NONNULL = YES;
				CLANG_ANALYZER_NUMBER_OBJECT_CONVERSION = YES_AGGRESSIVE;
				CLANG_CXX_LANGUAGE_STANDARD = "gnu++20";
				CLANG_ENABLE_MODULES = YES;
				CLANG_ENABLE_OBJC_ARC = YES;
				CLANG_ENABLE_OBJC_WEAK = YES;
				CLANG_WARN_BLOCK_CAPTURE_AUTORELEASING = YES;
				CLANG_WARN_BOOL_CONVERSION = YES;
				CLANG_WARN_COMMA = YES;
				CLANG_WARN_CONSTANT_CONVERSION = YES;
				CLANG_WARN_DEPRECATED_OBJC_IMPLEMENTATIONS = YES;
				CLANG_WARN_DIRECT_OBJC_ISA_USAGE = YES_ERROR;
				CLANG_WARN_DOCUMENTATION_COMMENTS = YES;
				CLANG_WARN_EMPTY_BODY = YES;
				CLANG_WARN_ENUM_CONVERSION = YES;
				CLANG_WARN_INFINITE_RECURSION = YES;
				CLANG_WARN_INT_CONVERSION = YES;
				CLANG_WARN_NON_LITERAL_NULL_CONVERSION = YES;
				CLANG_WARN_OBJC_IMPLICIT_RETAIN_SELF = YES;
				CLANG_WARN_OBJC_LITERAL_CONVERSION = YES;
				CLANG_WARN_OBJC_ROOT_CLASS = YES_ERROR;
				CLANG_WARN_QUOTED_INCLUDE_IN_FRAMEWORK_HEADER = YES;
				CLANG_WARN_RANGE_LOOP_ANALYSIS = YES;
				CLANG_WARN_STRICT_PROTOTYPES = YES;
				CLANG_WARN_SUSPICIOUS_MOVE = YES;
				CLANG_WARN_UNGUARDED_AVAILABILITY = YES_AGGRESSIVE;
				CLANG_WARN_UNREACHABLE_CODE = YES;
				CLANG_WARN__DUPLICATE_METHOD_MATCH = YES;
				COPY_PHASE_STRIP = NO;
				DEBUG_INFORMATION_FORMAT = dwarf;
				ENABLE_STRICT_OBJC_MSGSEND = YES;
				ENABLE_TESTABILITY = YES;
				GCC_C_LANGUAGE_STANDARD = gnu11;
				GCC_DYNAMIC_NO_PIC = NO;
				GCC_NO_COMMON_BLOCKS = YES;
				GCC_OPTIMIZATION_LEVEL = 0;
				GCC_PREPROCESSOR_DEFINITIONS = (
					"DEBUG=1",
					"$(inherited)",
				);
				GCC_WARN_64_TO_32_BIT_CONVERSION = YES;
				GCC_WARN_ABOUT_RETURN_TYPE = YES_ERROR;
				GCC_WARN_UNDECLARED_SELECTOR = YES;
				GCC_WARN_UNINITIALIZED_AUTOS = YES_AGGRESSIVE;
				GCC_WARN_UNUSED_FUNCTION = YES;
				GCC_WARN_UNUSED_VARIABLE = YES;
				IPHONEOS_DEPLOYMENT_TARGET = 16.2;
				MTL_ENABLE_DEBUG_INFO = INCLUDE_SOURCE;
				MTL_FAST_MATH = YES;
				ONLY_ACTIVE_ARCH = YES;
				SDKROOT = iphoneos;
				SWIFT_ACTIVE_COMPILATION_CONDITIONS = DEBUG;
				SWIFT_OPTIMIZATION_LEVEL = "-Onone";
			};
			name = Debug;
		};
		A19D913D29704F4000B0B8CA /* Release */ = {
			isa = XCBuildConfiguration;
			buildSettings = {
				ALWAYS_SEARCH_USER_PATHS = NO;
				CLANG_ANALYZER_NONNULL = YES;
				CLANG_ANALYZER_NUMBER_OBJECT_CONVERSION = YES_AGGRESSIVE;
				CLANG_CXX_LANGUAGE_STANDARD = "gnu++20";
				CLANG_ENABLE_MODULES = YES;
				CLANG_ENABLE_OBJC_ARC = YES;
				CLANG_ENABLE_OBJC_WEAK = YES;
				CLANG_WARN_BLOCK_CAPTURE_AUTORELEASING = YES;
				CLANG_WARN_BOOL_CONVERSION = YES;
				CLANG_WARN_COMMA = YES;
				CLANG_WARN_CONSTANT_CONVERSION = YES;
				CLANG_WARN_DEPRECATED_OBJC_IMPLEMENTATIONS = YES;
				CLANG_WARN_DIRECT_OBJC_ISA_USAGE = YES_ERROR;
				CLANG_WARN_DOCUMENTATION_COMMENTS = YES;
				CLANG_WARN_EMPTY_BODY = YES;
				CLANG_WARN_ENUM_CONVERSION = YES;
				CLANG_WARN_INFINITE_RECURSION = YES;
				CLANG_WARN_INT_CONVERSION = YES;
				CLANG_WARN_NON_LITERAL_NULL_CONVERSION = YES;
				CLANG_WARN_OBJC_IMPLICIT_RETAIN_SELF = YES;
				CLANG_WARN_OBJC_LITERAL_CONVERSION = YES;
				CLANG_WARN_OBJC_ROOT_CLASS = YES_ERROR;
				CLANG_WARN_QUOTED_INCLUDE_IN_FRAMEWORK_HEADER = YES;
				CLANG_WARN_RANGE_LOOP_ANALYSIS = YES;
				CLANG_WARN_STRICT_PROTOTYPES = YES;
				CLANG_WARN_SUSPICIOUS_MOVE = YES;
				CLANG_WARN_UNGUARDED_AVAILABILITY = YES_AGGRESSIVE;
				CLANG_WARN_UNREACHABLE_CODE = YES;
				CLANG_WARN__DUPLICATE_METHOD_MATCH = YES;
				COPY_PHASE_STRIP = NO;
				DEBUG_INFORMATION_FORMAT = "dwarf-with-dsym";
				ENABLE_NS_ASSERTIONS = NO;
				ENABLE_STRICT_OBJC_MSGSEND = YES;
				GCC_C_LANGUAGE_STANDARD = gnu11;
				GCC_NO_COMMON_BLOCKS = YES;
				GCC_WARN_64_TO_32_BIT_CONVERSION = YES;
				GCC_WARN_ABOUT_RETURN_TYPE = YES_ERROR;
				GCC_WARN_UNDECLARED_SELECTOR = YES;
				GCC_WARN_UNINITIALIZED_AUTOS = YES_AGGRESSIVE;
				GCC_WARN_UNUSED_FUNCTION = YES;
				GCC_WARN_UNUSED_VARIABLE = YES;
				IPHONEOS_DEPLOYMENT_TARGET = 16.2;
				MTL_ENABLE_DEBUG_INFO = NO;
				MTL_FAST_MATH = YES;
				SDKROOT = iphoneos;
				SWIFT_COMPILATION_MODE = wholemodule;
				SWIFT_OPTIMIZATION_LEVEL = "-O";
				VALIDATE_PRODUCT = YES;
			};
			name = Release;
		};
		A19D913F29704F4000B0B8CA /* Debug */ = {
			isa = XCBuildConfiguration;
			buildSettings = {
				ASSETCATALOG_COMPILER_APPICON_NAME = AppIcon;
				ASSETCATALOG_COMPILER_GLOBAL_ACCENT_COLOR_NAME = AccentColor;
				CODE_SIGN_STYLE = Automatic;
				CURRENT_PROJECT_VERSION = 1;
				GENERATE_INFOPLIST_FILE = YES;
				INFOPLIST_FILE = "Pokemon Go/Info.plist";
				INFOPLIST_KEY_UIApplicationSupportsIndirectInputEvents = YES;
				INFOPLIST_KEY_UILaunchStoryboardName = LaunchScreen;
				INFOPLIST_KEY_UIMainStoryboardFile = Main;
				INFOPLIST_KEY_UISupportedInterfaceOrientations_iPad = "UIInterfaceOrientationPortrait UIInterfaceOrientationPortraitUpsideDown UIInterfaceOrientationLandscapeLeft UIInterfaceOrientationLandscapeRight";
				INFOPLIST_KEY_UISupportedInterfaceOrientations_iPhone = "UIInterfaceOrientationPortrait UIInterfaceOrientationLandscapeLeft UIInterfaceOrientationLandscapeRight";
				LD_RUNPATH_SEARCH_PATHS = (
					"$(inherited)",
					"@executable_path/Frameworks",
				);
				MARKETING_VERSION = 1.0;
				PRODUCT_BUNDLE_IDENTIFIER = "Vinicius.Pokemon-Go";
				PRODUCT_NAME = "$(TARGET_NAME)";
				SWIFT_EMIT_LOC_STRINGS = YES;
				SWIFT_VERSION = 5.0;
				TARGETED_DEVICE_FAMILY = "1,2";
			};
			name = Debug;
		};
		A19D914029704F4000B0B8CA /* Release */ = {
			isa = XCBuildConfiguration;
			buildSettings = {
				ASSETCATALOG_COMPILER_APPICON_NAME = AppIcon;
				ASSETCATALOG_COMPILER_GLOBAL_ACCENT_COLOR_NAME = AccentColor;
				CODE_SIGN_STYLE = Automatic;
				CURRENT_PROJECT_VERSION = 1;
				GENERATE_INFOPLIST_FILE = YES;
				INFOPLIST_FILE = "Pokemon Go/Info.plist";
				INFOPLIST_KEY_UIApplicationSupportsIndirectInputEvents = YES;
				INFOPLIST_KEY_UILaunchStoryboardName = LaunchScreen;
				INFOPLIST_KEY_UIMainStoryboardFile = Main;
				INFOPLIST_KEY_UISupportedInterfaceOrientations_iPad = "UIInterfaceOrientationPortrait UIInterfaceOrientationPortraitUpsideDown UIInterfaceOrientationLandscapeLeft UIInterfaceOrientationLandscapeRight";
				INFOPLIST_KEY_UISupportedInterfaceOrientations_iPhone = "UIInterfaceOrientationPortrait UIInterfaceOrientationLandscapeLeft UIInterfaceOrientationLandscapeRight";
				LD_RUNPATH_SEARCH_PATHS = (
					"$(inherited)",
					"@executable_path/Frameworks",
				);
				MARKETING_VERSION = 1.0;
				PRODUCT_BUNDLE_IDENTIFIER = "Vinicius.Pokemon-Go";
				PRODUCT_NAME = "$(TARGET_NAME)";
				SWIFT_EMIT_LOC_STRINGS = YES;
				SWIFT_VERSION = 5.0;
				TARGETED_DEVICE_FAMILY = "1,2";
			};
			name = Release;
		};
/* End XCBuildConfiguration section */

/* Begin XCConfigurationList section */
		A19D912229704F3F00B0B8CA /* Build configuration list for PBXProject "Pokemon Go" */ = {
			isa = XCConfigurationList;
			buildConfigurations = (
				A19D913C29704F4000B0B8CA /* Debug */,
				A19D913D29704F4000B0B8CA /* Release */,
			);
			defaultConfigurationIsVisible = 0;
			defaultConfigurationName = Release;
		};
		A19D913E29704F4000B0B8CA /* Build configuration list for PBXNativeTarget "Pokemon Go" */ = {
			isa = XCConfigurationList;
			buildConfigurations = (
				A19D913F29704F4000B0B8CA /* Debug */,
				A19D914029704F4000B0B8CA /* Release */,
			);
			defaultConfigurationIsVisible = 0;
			defaultConfigurationName = Release;
		};
/* End XCConfigurationList section */

/* Begin XCVersionGroup section */
		A19D913329704F3F00B0B8CA /* Pokemon_Go.xcdatamodeld */ = {
			isa = XCVersionGroup;
			children = (
				A19D913429704F3F00B0B8CA /* Pokemon_Go.xcdatamodel */,
			);
			currentVersion = A19D913429704F3F00B0B8CA /* Pokemon_Go.xcdatamodel */;
			path = Pokemon_Go.xcdatamodeld;
			sourceTree = "<group>";
			versionGroupType = wrapper.xcdatamodel;
		};
/* End XCVersionGroup section */
	};
	rootObject = A19D911F29704F3F00B0B8CA /* Project object */;
}
